{
  "name": "@Geek-Collectors-Network/geek-collectors-network",
  "lockfileVersion": 3,
  "requires": true,
  "packages": {
    "": {
      "name": "@Geek-Collectors-Network/geek-collectors-network",
      "workspaces": [
        "apps/api",
        "apps/frontend",
        "packages/example-package"
      ],
      "engines": {
        "node": ">=18.0.0"
      }
    },
    "apps/api": {
      "version": "0.0.0"
    },
    "apps/frontend": {
      "version": "0.0.0"
    },
    "node_modules/@Geek-Collectors-Network/api": {
      "resolved": "apps/api",
      "link": true
    },
    "node_modules/@Geek-Collectors-Network/example-package": {
      "resolved": "packages/example-package",
      "link": true
    },
    "node_modules/@Geek-Collectors-Network/frontend": {
      "resolved": "apps/frontend",
      "link": true
    },
    "packages/example-package": {
      "version": "0.0.0"
    }
  }
}
